[[package]]
name = 'cl_libs'
source = 'path+from-root-F252333F9C4A5D78'
dependencies = ['std']

[[package]]
name = 'core'
source = 'path+from-root-A104220B213F1FCE'

[[package]]
name = 'std'
source = 'git+https://github.com/fuellabs/sway?tag=v0.31.2#12239f7d57441a75b0979f2f34d5151a777a5c0a'
dependencies = ['core']

[[package]]
name = 'tests'
source = 'member'
dependencies = [
    'cl_libs',
    'std',
]
